
Microsoft Visual Studio Solution File, Format Version 12.00
# Visual Studio 2013
VisualStudioVersion = 12.0.21005.1
MinimumVisualStudioVersion = 10.0.40219.1
Project("{FAE04EC0-301F-11D3-BF4B-00C04F79EFBC}") = "DAL", "CS\DAL.csproj", "{3EE6B049-7CF1-4D94-96F8-84B0FE4F70FE}"
EndProject
Project("{FAE04EC0-301F-11D3-BF4B-00C04F79EFBC}") = "WindowsFormsApplication3", "WindowsFormsApplication3\WindowsFormsApplication3.csproj", "{ACF12E82-AC0B-47C1-BF6C-DB10A1A7593C}"
EndProject
Project("{FAE04EC0-301F-11D3-BF4B-00C04F79EFBC}") = "Core", "Core\Core.csproj", "{D11C145C-5D5E-4D57-B6E7-E95CDAEA1E72}"
EndProject
Global
	GlobalSection(SolutionConfigurationPlatforms) = preSolution
		Debug|Any CPU = Debug|Any CPU
		Release|Any CPU = Release|Any CPU
	EndGlobalSection
	GlobalSection(ProjectConfigurationPlatforms) = postSolution
		{3EE6B049-7CF1-4D94-96F8-84B0FE4F70FE}.Debug|Any CPU.ActiveCfg = Debug|Any CPU
		{3EE6B049-7CF1-4D94-96F8-84B0FE4F70FE}.Debug|Any CPU.Build.0 = Debug|Any CPU
		{3EE6B049-7CF1-4D94-96F8-84B0FE4F70FE}.Release|Any CPU.ActiveCfg = Release|Any CPU
		{3EE6B049-7CF1-4D94-96F8-84B0FE4F70FE}.Release|Any CPU.Build.0 = Release|Any CPU
		{ACF12E82-AC0B-47C1-BF6C-DB10A1A7593C}.Debug|Any CPU.ActiveCfg = Debug|Any CPU
		{ACF12E82-AC0B-47C1-BF6C-DB10A1A7593C}.Debug|Any CPU.Build.0 = Debug|Any CPU
		{ACF12E82-AC0B-47C1-BF6C-DB10A1A7593C}.Release|Any CPU.ActiveCfg = Release|Any CPU
		{ACF12E82-AC0B-47C1-BF6C-DB10A1A7593C}.Release|Any CPU.Build.0 = Release|Any CPU
		{D11C145C-5D5E-4D57-B6E7-E95CDAEA1E72}.Debug|Any CPU.ActiveCfg = Debug|Any CPU
		{D11C145C-5D5E-4D57-B6E7-E95CDAEA1E72}.Debug|Any CPU.Build.0 = Debug|Any CPU
		{D11C145C-5D5E-4D57-B6E7-E95CDAEA1E72}.Release|Any CPU.ActiveCfg = Release|Any CPU
		{D11C145C-5D5E-4D57-B6E7-E95CDAEA1E72}.Release|Any CPU.Build.0 = Release|Any CPU
	EndGlobalSection
	GlobalSection(SolutionProperties) = preSolution
		HideSolutionNode = FALSE
	EndGlobalSection
EndGlobal
